
Microsoft Visual Studio Solution File, Format Version 12.00
# Visual Studio 15
VisualStudioVersion = 15.0.26430.14
MinimumVisualStudioVersion = 10.0.40219.1
Project("{FAE04EC0-301F-11D3-BF4B-00C04F79EFBC}") = "MoneyChange.Android", "MoneyChange\MoneyChange.Android\MoneyChange.Android.csproj", "{11A9D41A-EC35-43D3-9E14-4400308C9F38}"
EndProject
Project("{FAE04EC0-301F-11D3-BF4B-00C04F79EFBC}") = "MoneyChange", "MoneyChange\MoneyChange\MoneyChange.csproj", "{02530CC8-C106-4753-853D-A71B55212B74}"
EndProject
Project("{FAE04EC0-301F-11D3-BF4B-00C04F79EFBC}") = "MoneyChange.UWP", "MoneyChange\MoneyChange.UWP\MoneyChange.UWP.csproj", "{E30BFF25-803E-42B4-909C-3B53FBC2AC03}"
EndProject
Project("{FAE04EC0-301F-11D3-BF4B-00C04F79EFBC}") = "MoneyChange.iOS", "MoneyChange\MoneyChange.iOS\MoneyChange.iOS.csproj", "{A48B4343-C2C9-4F3A-A334-A0386926D2BE}"
EndProject
Global
	GlobalSection(SolutionConfigurationPlatforms) = preSolution
		Ad-Hoc|Any CPU = Ad-Hoc|Any CPU
		Ad-Hoc|ARM = Ad-Hoc|ARM
		Ad-Hoc|iPhone = Ad-Hoc|iPhone
		Ad-Hoc|iPhoneSimulator = Ad-Hoc|iPhoneSimulator
		Ad-Hoc|x64 = Ad-Hoc|x64
		Ad-Hoc|x86 = Ad-Hoc|x86
		AppStore|Any CPU = AppStore|Any CPU
		AppStore|ARM = AppStore|ARM
		AppStore|iPhone = AppStore|iPhone
		AppStore|iPhoneSimulator = AppStore|iPhoneSimulator
		AppStore|x64 = AppStore|x64
		AppStore|x86 = AppStore|x86
		Debug|Any CPU = Debug|Any CPU
		Debug|ARM = Debug|ARM
		Debug|iPhone = Debug|iPhone
		Debug|iPhoneSimulator = Debug|iPhoneSimulator
		Debug|x64 = Debug|x64
		Debug|x86 = Debug|x86
		Release|Any CPU = Release|Any CPU
		Release|ARM = Release|ARM
		Release|iPhone = Release|iPhone
		Release|iPhoneSimulator = Release|iPhoneSimulator
		Release|x64 = Release|x64
		Release|x86 = Release|x86
	EndGlobalSection
	GlobalSection(ProjectConfigurationPlatforms) = postSolution
		{11A9D41A-EC35-43D3-9E14-4400308C9F38}.Ad-Hoc|Any CPU.ActiveCfg = Release|Any CPU
		{11A9D41A-EC35-43D3-9E14-4400308C9F38}.Ad-Hoc|Any CPU.Build.0 = Release|Any CPU
		{11A9D41A-EC35-43D3-9E14-4400308C9F38}.Ad-Hoc|Any CPU.Deploy.0 = Release|Any CPU
		{11A9D41A-EC35-43D3-9E14-4400308C9F38}.Ad-Hoc|ARM.ActiveCfg = Release|Any CPU
		{11A9D41A-EC35-43D3-9E14-4400308C9F38}.Ad-Hoc|ARM.Build.0 = Release|Any CPU
		{11A9D41A-EC35-43D3-9E14-4400308C9F38}.Ad-Hoc|ARM.Deploy.0 = Release|Any CPU
		{11A9D41A-EC35-43D3-9E14-4400308C9F38}.Ad-Hoc|iPhone.ActiveCfg = Release|Any CPU
		{11A9D41A-EC35-43D3-9E14-4400308C9F38}.Ad-Hoc|iPhone.Build.0 = Release|Any CPU
		{11A9D41A-EC35-43D3-9E14-4400308C9F38}.Ad-Hoc|iPhone.Deploy.0 = Release|Any CPU
		{11A9D41A-EC35-43D3-9E14-4400308C9F38}.Ad-Hoc|iPhoneSimulator.ActiveCfg = Release|Any CPU
		{11A9D41A-EC35-43D3-9E14-4400308C9F38}.Ad-Hoc|iPhoneSimulator.Build.0 = Release|Any CPU
		{11A9D41A-EC35-43D3-9E14-4400308C9F38}.Ad-Hoc|iPhoneSimulator.Deploy.0 = Release|Any CPU
		{11A9D41A-EC35-43D3-9E14-4400308C9F38}.Ad-Hoc|x64.ActiveCfg = Release|Any CPU
		{11A9D41A-EC35-43D3-9E14-4400308C9F38}.Ad-Hoc|x64.Build.0 = Release|Any CPU
		{11A9D41A-EC35-43D3-9E14-4400308C9F38}.Ad-Hoc|x64.Deploy.0 = Release|Any CPU
		{11A9D41A-EC35-43D3-9E14-4400308C9F38}.Ad-Hoc|x86.ActiveCfg = Release|Any CPU
		{11A9D41A-EC35-43D3-9E14-4400308C9F38}.Ad-Hoc|x86.Build.0 = Release|Any CPU
		{11A9D41A-EC35-43D3-9E14-4400308C9F38}.Ad-Hoc|x86.Deploy.0 = Release|Any CPU
		{11A9D41A-EC35-43D3-9E14-4400308C9F38}.AppStore|Any CPU.ActiveCfg = Release|Any CPU
		{11A9D41A-EC35-43D3-9E14-4400308C9F38}.AppStore|Any CPU.Build.0 = Release|Any CPU
		{11A9D41A-EC35-43D3-9E14-4400308C9F38}.AppStore|Any CPU.Deploy.0 = Release|Any CPU
		{11A9D41A-EC35-43D3-9E14-4400308C9F38}.AppStore|ARM.ActiveCfg = Release|Any CPU
		{11A9D41A-EC35-43D3-9E14-4400308C9F38}.AppStore|ARM.Build.0 = Release|Any CPU
		{11A9D41A-EC35-43D3-9E14-4400308C9F38}.AppStore|ARM.Deploy.0 = Release|Any CPU
		{11A9D41A-EC35-43D3-9E14-4400308C9F38}.AppStore|iPhone.ActiveCfg = Release|Any CPU
		{11A9D41A-EC35-43D3-9E14-4400308C9F38}.AppStore|iPhone.Build.0 = Release|Any CPU
		{11A9D41A-EC35-43D3-9E14-4400308C9F38}.AppStore|iPhone.Deploy.0 = Release|Any CPU
		{11A9D41A-EC35-43D3-9E14-4400308C9F38}.AppStore|iPhoneSimulator.ActiveCfg = Release|Any CPU
		{11A9D41A-EC35-43D3-9E14-4400308C9F38}.AppStore|iPhoneSimulator.Build.0 = Release|Any CPU
		{11A9D41A-EC35-43D3-9E14-4400308C9F38}.AppStore|iPhoneSimulator.Deploy.0 = Release|Any CPU
		{11A9D41A-EC35-43D3-9E14-4400308C9F38}.AppStore|x64.ActiveCfg = Release|Any CPU
		{11A9D41A-EC35-43D3-9E14-4400308C9F38}.AppStore|x64.Build.0 = Release|Any CPU
		{11A9D41A-EC35-43D3-9E14-4400308C9F38}.AppStore|x64.Deploy.0 = Release|Any CPU
		{11A9D41A-EC35-43D3-9E14-4400308C9F38}.AppStore|x86.ActiveCfg = Release|Any CPU
		{11A9D41A-EC35-43D3-9E14-4400308C9F38}.AppStore|x86.Build.0 = Release|Any CPU
		{11A9D41A-EC35-43D3-9E14-4400308C9F38}.AppStore|x86.Deploy.0 = Release|Any CPU
		{11A9D41A-EC35-43D3-9E14-4400308C9F38}.Debug|Any CPU.ActiveCfg = Debug|Any CPU
		{11A9D41A-EC35-43D3-9E14-4400308C9F38}.Debug|Any CPU.Build.0 = Debug|Any CPU
		{11A9D41A-EC35-43D3-9E14-4400308C9F38}.Debug|Any CPU.Deploy.0 = Debug|Any CPU
		{11A9D41A-EC35-43D3-9E14-4400308C9F38}.Debug|ARM.ActiveCfg = Debug|Any CPU
		{11A9D41A-EC35-43D3-9E14-4400308C9F38}.Debug|ARM.Build.0 = Debug|Any CPU
		{11A9D41A-EC35-43D3-9E14-4400308C9F38}.Debug|ARM.Deploy.0 = Debug|Any CPU
		{11A9D41A-EC35-43D3-9E14-4400308C9F38}.Debug|iPhone.ActiveCfg = Debug|Any CPU
		{11A9D41A-EC35-43D3-9E14-4400308C9F38}.Debug|iPhone.Build.0 = Debug|Any CPU
		{11A9D41A-EC35-43D3-9E14-4400308C9F38}.Debug|iPhone.Deploy.0 = Debug|Any CPU
		{11A9D41A-EC35-43D3-9E14-4400308C9F38}.Debug|iPhoneSimulator.ActiveCfg = Debug|Any CPU
		{11A9D41A-EC35-43D3-9E14-4400308C9F38}.Debug|iPhoneSimulator.Build.0 = Debug|Any CPU
		{11A9D41A-EC35-43D3-9E14-4400308C9F38}.Debug|iPhoneSimulator.Deploy.0 = Debug|Any CPU
		{11A9D41A-EC35-43D3-9E14-4400308C9F38}.Debug|x64.ActiveCfg = Debug|Any CPU
		{11A9D41A-EC35-43D3-9E14-4400308C9F38}.Debug|x64.Build.0 = Debug|Any CPU
		{11A9D41A-EC35-43D3-9E14-4400308C9F38}.Debug|x64.Deploy.0 = Debug|Any CPU
		{11A9D41A-EC35-43D3-9E14-4400308C9F38}.Debug|x86.ActiveCfg = Debug|Any CPU
		{11A9D41A-EC35-43D3-9E14-4400308C9F38}.Debug|x86.Build.0 = Debug|Any CPU
		{11A9D41A-EC35-43D3-9E14-4400308C9F38}.Debug|x86.Deploy.0 = Debug|Any CPU
		{11A9D41A-EC35-43D3-9E14-4400308C9F38}.Release|Any CPU.ActiveCfg = Release|Any CPU
		{11A9D41A-EC35-43D3-9E14-4400308C9F38}.Release|Any CPU.Build.0 = Release|Any CPU
		{11A9D41A-EC35-43D3-9E14-4400308C9F38}.Release|Any CPU.Deploy.0 = Release|Any CPU
		{11A9D41A-EC35-43D3-9E14-4400308C9F38}.Release|ARM.ActiveCfg = Release|Any CPU
		{11A9D41A-EC35-43D3-9E14-4400308C9F38}.Release|ARM.Build.0 = Release|Any CPU
		{11A9D41A-EC35-43D3-9E14-4400308C9F38}.Release|ARM.Deploy.0 = Release|Any CPU
		{11A9D41A-EC35-43D3-9E14-4400308C9F38}.Release|iPhone.ActiveCfg = Release|Any CPU
		{11A9D41A-EC35-43D3-9E14-4400308C9F38}.Release|iPhone.Build.0 = Release|Any CPU
		{11A9D41A-EC35-43D3-9E14-4400308C9F38}.Release|iPhone.Deploy.0 = Release|Any CPU
		{11A9D41A-EC35-43D3-9E14-4400308C9F38}.Release|iPhoneSimulator.ActiveCfg = Release|Any CPU
		{11A9D41A-EC35-43D3-9E14-4400308C9F38}.Release|iPhoneSimulator.Build.0 = Release|Any CPU
		{11A9D41A-EC35-43D3-9E14-4400308C9F38}.Release|iPhoneSimulator.Deploy.0 = Release|Any CPU
		{11A9D41A-EC35-43D3-9E14-4400308C9F38}.Release|x64.ActiveCfg = Release|Any CPU
		{11A9D41A-EC35-43D3-9E14-4400308C9F38}.Release|x64.Build.0 = Release|Any CPU
		{11A9D41A-EC35-43D3-9E14-4400308C9F38}.Release|x64.Deploy.0 = Release|Any CPU
		{11A9D41A-EC35-43D3-9E14-4400308C9F38}.Release|x86.ActiveCfg = Release|Any CPU
		{11A9D41A-EC35-43D3-9E14-4400308C9F38}.Release|x86.Build.0 = Release|Any CPU
		{11A9D41A-EC35-43D3-9E14-4400308C9F38}.Release|x86.Deploy.0 = Release|Any CPU
		{02530CC8-C106-4753-853D-A71B55212B74}.Ad-Hoc|Any CPU.ActiveCfg = Release|Any CPU
		{02530CC8-C106-4753-853D-A71B55212B74}.Ad-Hoc|Any CPU.Build.0 = Release|Any CPU
		{02530CC8-C106-4753-853D-A71B55212B74}.Ad-Hoc|ARM.ActiveCfg = Release|Any CPU
		{02530CC8-C106-4753-853D-A71B55212B74}.Ad-Hoc|ARM.Build.0 = Release|Any CPU
		{02530CC8-C106-4753-853D-A71B55212B74}.Ad-Hoc|iPhone.ActiveCfg = Release|Any CPU
		{02530CC8-C106-4753-853D-A71B55212B74}.Ad-Hoc|iPhone.Build.0 = Release|Any CPU
		{02530CC8-C106-4753-853D-A71B55212B74}.Ad-Hoc|iPhoneSimulator.ActiveCfg = Release|Any CPU
		{02530CC8-C106-4753-853D-A71B55212B74}.Ad-Hoc|iPhoneSimulator.Build.0 = Release|Any CPU
		{02530CC8-C106-4753-853D-A71B55212B74}.Ad-Hoc|x64.ActiveCfg = Release|Any CPU
		{02530CC8-C106-4753-853D-A71B55212B74}.Ad-Hoc|x64.Build.0 = Release|Any CPU
		{02530CC8-C106-4753-853D-A71B55212B74}.Ad-Hoc|x86.ActiveCfg = Release|Any CPU
		{02530CC8-C106-4753-853D-A71B55212B74}.Ad-Hoc|x86.Build.0 = Release|Any CPU
		{02530CC8-C106-4753-853D-A71B55212B74}.AppStore|Any CPU.ActiveCfg = Release|Any CPU
		{02530CC8-C106-4753-853D-A71B55212B74}.AppStore|Any CPU.Build.0 = Release|Any CPU
		{02530CC8-C106-4753-853D-A71B55212B74}.AppStore|ARM.ActiveCfg = Release|Any CPU
		{02530CC8-C106-4753-853D-A71B55212B74}.AppStore|ARM.Build.0 = Release|Any CPU
		{02530CC8-C106-4753-853D-A71B55212B74}.AppStore|iPhone.ActiveCfg = Release|Any CPU
		{02530CC8-C106-4753-853D-A71B55212B74}.AppStore|iPhone.Build.0 = Release|Any CPU
		{02530CC8-C106-4753-853D-A71B55212B74}.AppStore|iPhoneSimulator.ActiveCfg = Release|Any CPU
		{02530CC8-C106-4753-853D-A71B55212B74}.AppStore|iPhoneSimulator.Build.0 = Release|Any CPU
		{02530CC8-C106-4753-853D-A71B55212B74}.AppStore|x64.ActiveCfg = Release|Any CPU
		{02530CC8-C106-4753-853D-A71B55212B74}.AppStore|x64.Build.0 = Release|Any CPU
		{02530CC8-C106-4753-853D-A71B55212B74}.AppStore|x86.ActiveCfg = Release|Any CPU
		{02530CC8-C106-4753-853D-A71B55212B74}.AppStore|x86.Build.0 = Release|Any CPU
		{02530CC8-C106-4753-853D-A71B55212B74}.Debug|Any CPU.ActiveCfg = Debug|Any CPU
		{02530CC8-C106-4753-853D-A71B55212B74}.Debug|Any CPU.Build.0 = Debug|Any CPU
		{02530CC8-C106-4753-853D-A71B55212B74}.Debug|ARM.ActiveCfg = Debug|Any CPU
		{02530CC8-C106-4753-853D-A71B55212B74}.Debug|ARM.Build.0 = Debug|Any CPU
		{02530CC8-C106-4753-853D-A71B55212B74}.Debug|iPhone.ActiveCfg = Debug|Any CPU
		{02530CC8-C106-4753-853D-A71B55212B74}.Debug|iPhone.Build.0 = Debug|Any CPU
		{02530CC8-C106-4753-853D-A71B55212B74}.Debug|iPhoneSimulator.ActiveCfg = Debug|Any CPU
		{02530CC8-C106-4753-853D-A71B55212B74}.Debug|iPhoneSimulator.Build.0 = Debug|Any CPU
		{02530CC8-C106-4753-853D-A71B55212B74}.Debug|x64.ActiveCfg = Debug|Any CPU
		{02530CC8-C106-4753-853D-A71B55212B74}.Debug|x64.Build.0 = Debug|Any CPU
		{02530CC8-C106-4753-853D-A71B55212B74}.Debug|x86.ActiveCfg = Debug|Any CPU
		{02530CC8-C106-4753-853D-A71B55212B74}.Debug|x86.Build.0 = Debug|Any CPU
		{02530CC8-C106-4753-853D-A71B55212B74}.Release|Any CPU.ActiveCfg = Release|Any CPU
		{02530CC8-C106-4753-853D-A71B55212B74}.Release|Any CPU.Build.0 = Release|Any CPU
		{02530CC8-C106-4753-853D-A71B55212B74}.Release|ARM.ActiveCfg = Release|Any CPU
		{02530CC8-C106-4753-853D-A71B55212B74}.Release|ARM.Build.0 = Release|Any CPU
		{02530CC8-C106-4753-853D-A71B55212B74}.Release|iPhone.ActiveCfg = Release|Any CPU
		{02530CC8-C106-4753-853D-A71B55212B74}.Release|iPhone.Build.0 = Release|Any CPU
		{02530CC8-C106-4753-853D-A71B55212B74}.Release|iPhoneSimulator.ActiveCfg = Release|Any CPU
		{02530CC8-C106-4753-853D-A71B55212B74}.Release|iPhoneSimulator.Build.0 = Release|Any CPU
		{02530CC8-C106-4753-853D-A71B55212B74}.Release|x64.ActiveCfg = Release|Any CPU
		{02530CC8-C106-4753-853D-A71B55212B74}.Release|x64.Build.0 = Release|Any CPU
		{02530CC8-C106-4753-853D-A71B55212B74}.Release|x86.ActiveCfg = Release|Any CPU
		{02530CC8-C106-4753-853D-A71B55212B74}.Release|x86.Build.0 = Release|Any CPU
		{E30BFF25-803E-42B4-909C-3B53FBC2AC03}.Ad-Hoc|Any CPU.ActiveCfg = Release|x86
		{E30BFF25-803E-42B4-909C-3B53FBC2AC03}.Ad-Hoc|Any CPU.Build.0 = Release|x86
		{E30BFF25-803E-42B4-909C-3B53FBC2AC03}.Ad-Hoc|Any CPU.Deploy.0 = Release|x86
		{E30BFF25-803E-42B4-909C-3B53FBC2AC03}.Ad-Hoc|ARM.ActiveCfg = Release|ARM
		{E30BFF25-803E-42B4-909C-3B53FBC2AC03}.Ad-Hoc|ARM.Build.0 = Release|ARM
		{E30BFF25-803E-42B4-909C-3B53FBC2AC03}.Ad-Hoc|ARM.Deploy.0 = Release|ARM
		{E30BFF25-803E-42B4-909C-3B53FBC2AC03}.Ad-Hoc|iPhone.ActiveCfg = Release|x86
		{E30BFF25-803E-42B4-909C-3B53FBC2AC03}.Ad-Hoc|iPhone.Build.0 = Release|x86
		{E30BFF25-803E-42B4-909C-3B53FBC2AC03}.Ad-Hoc|iPhone.Deploy.0 = Release|x86
		{E30BFF25-803E-42B4-909C-3B53FBC2AC03}.Ad-Hoc|iPhoneSimulator.ActiveCfg = Release|x86
		{E30BFF25-803E-42B4-909C-3B53FBC2AC03}.Ad-Hoc|iPhoneSimulator.Build.0 = Release|x86
		{E30BFF25-803E-42B4-909C-3B53FBC2AC03}.Ad-Hoc|iPhoneSimulator.Deploy.0 = Release|x86
		{E30BFF25-803E-42B4-909C-3B53FBC2AC03}.Ad-Hoc|x64.ActiveCfg = Release|x64
		{E30BFF25-803E-42B4-909C-3B53FBC2AC03}.Ad-Hoc|x64.Build.0 = Release|x64
		{E30BFF25-803E-42B4-909C-3B53FBC2AC03}.Ad-Hoc|x64.Deploy.0 = Release|x64
		{E30BFF25-803E-42B4-909C-3B53FBC2AC03}.Ad-Hoc|x86.ActiveCfg = Release|x86
		{E30BFF25-803E-42B4-909C-3B53FBC2AC03}.Ad-Hoc|x86.Build.0 = Release|x86
		{E30BFF25-803E-42B4-909C-3B53FBC2AC03}.Ad-Hoc|x86.Deploy.0 = Release|x86
		{E30BFF25-803E-42B4-909C-3B53FBC2AC03}.AppStore|Any CPU.ActiveCfg = Release|x86
		{E30BFF25-803E-42B4-909C-3B53FBC2AC03}.AppStore|Any CPU.Build.0 = Release|x86
		{E30BFF25-803E-42B4-909C-3B53FBC2AC03}.AppStore|Any CPU.Deploy.0 = Release|x86
		{E30BFF25-803E-42B4-909C-3B53FBC2AC03}.AppStore|ARM.ActiveCfg = Release|ARM
		{E30BFF25-803E-42B4-909C-3B53FBC2AC03}.AppStore|ARM.Build.0 = Release|ARM
		{E30BFF25-803E-42B4-909C-3B53FBC2AC03}.AppStore|ARM.Deploy.0 = Release|ARM
		{E30BFF25-803E-42B4-909C-3B53FBC2AC03}.AppStore|iPhone.ActiveCfg = Release|x86
		{E30BFF25-803E-42B4-909C-3B53FBC2AC03}.AppStore|iPhone.Build.0 = Release|x86
		{E30BFF25-803E-42B4-909C-3B53FBC2AC03}.AppStore|iPhone.Deploy.0 = Release|x86
		{E30BFF25-803E-42B4-909C-3B53FBC2AC03}.AppStore|iPhoneSimulator.ActiveCfg = Release|x86
		{E30BFF25-803E-42B4-909C-3B53FBC2AC03}.AppStore|iPhoneSimulator.Build.0 = Release|x86
		{E30BFF25-803E-42B4-909C-3B53FBC2AC03}.AppStore|iPhoneSimulator.Deploy.0 = Release|x86
		{E30BFF25-803E-42B4-909C-3B53FBC2AC03}.AppStore|x64.ActiveCfg = Release|x64
		{E30BFF25-803E-42B4-909C-3B53FBC2AC03}.AppStore|x64.Build.0 = Release|x64
		{E30BFF25-803E-42B4-909C-3B53FBC2AC03}.AppStore|x64.Deploy.0 = Release|x64
		{E30BFF25-803E-42B4-909C-3B53FBC2AC03}.AppStore|x86.ActiveCfg = Release|x86
		{E30BFF25-803E-42B4-909C-3B53FBC2AC03}.AppStore|x86.Build.0 = Release|x86
		{E30BFF25-803E-42B4-909C-3B53FBC2AC03}.AppStore|x86.Deploy.0 = Release|x86
		{E30BFF25-803E-42B4-909C-3B53FBC2AC03}.Debug|Any CPU.ActiveCfg = Debug|x86
		{E30BFF25-803E-42B4-909C-3B53FBC2AC03}.Debug|ARM.ActiveCfg = Debug|ARM
		{E30BFF25-803E-42B4-909C-3B53FBC2AC03}.Debug|ARM.Build.0 = Debug|ARM
		{E30BFF25-803E-42B4-909C-3B53FBC2AC03}.Debug|ARM.Deploy.0 = Debug|ARM
		{E30BFF25-803E-42B4-909C-3B53FBC2AC03}.Debug|iPhone.ActiveCfg = Debug|x86
		{E30BFF25-803E-42B4-909C-3B53FBC2AC03}.Debug|iPhoneSimulator.ActiveCfg = Debug|x86
		{E30BFF25-803E-42B4-909C-3B53FBC2AC03}.Debug|x64.ActiveCfg = Debug|x64
		{E30BFF25-803E-42B4-909C-3B53FBC2AC03}.Debug|x64.Build.0 = Debug|x64
		{E30BFF25-803E-42B4-909C-3B53FBC2AC03}.Debug|x64.Deploy.0 = Debug|x64
		{E30BFF25-803E-42B4-909C-3B53FBC2AC03}.Debug|x86.ActiveCfg = Debug|x86
		{E30BFF25-803E-42B4-909C-3B53FBC2AC03}.Debug|x86.Build.0 = Debug|x86
		{E30BFF25-803E-42B4-909C-3B53FBC2AC03}.Debug|x86.Deploy.0 = Debug|x86
		{E30BFF25-803E-42B4-909C-3B53FBC2AC03}.Release|Any CPU.ActiveCfg = Release|x86
		{E30BFF25-803E-42B4-909C-3B53FBC2AC03}.Release|ARM.ActiveCfg = Release|ARM
		{E30BFF25-803E-42B4-909C-3B53FBC2AC03}.Release|ARM.Build.0 = Release|ARM
		{E30BFF25-803E-42B4-909C-3B53FBC2AC03}.Release|ARM.Deploy.0 = Release|ARM
		{E30BFF25-803E-42B4-909C-3B53FBC2AC03}.Release|iPhone.ActiveCfg = Release|x86
		{E30BFF25-803E-42B4-909C-3B53FBC2AC03}.Release|iPhoneSimulator.ActiveCfg = Release|x86
		{E30BFF25-803E-42B4-909C-3B53FBC2AC03}.Release|x64.ActiveCfg = Release|x64
		{E30BFF25-803E-42B4-909C-3B53FBC2AC03}.Release|x64.Build.0 = Release|x64
		{E30BFF25-803E-42B4-909C-3B53FBC2AC03}.Release|x64.Deploy.0 = Release|x64
		{E30BFF25-803E-42B4-909C-3B53FBC2AC03}.Release|x86.ActiveCfg = Release|x86
		{E30BFF25-803E-42B4-909C-3B53FBC2AC03}.Release|x86.Build.0 = Release|x86
		{E30BFF25-803E-42B4-909C-3B53FBC2AC03}.Release|x86.Deploy.0 = Release|x86
		{A48B4343-C2C9-4F3A-A334-A0386926D2BE}.Ad-Hoc|Any CPU.ActiveCfg = Ad-Hoc|iPhone
		{A48B4343-C2C9-4F3A-A334-A0386926D2BE}.Ad-Hoc|ARM.ActiveCfg = Ad-Hoc|iPhone
		{A48B4343-C2C9-4F3A-A334-A0386926D2BE}.Ad-Hoc|iPhone.ActiveCfg = Ad-Hoc|iPhone
		{A48B4343-C2C9-4F3A-A334-A0386926D2BE}.Ad-Hoc|iPhone.Build.0 = Ad-Hoc|iPhone
		{A48B4343-C2C9-4F3A-A334-A0386926D2BE}.Ad-Hoc|iPhoneSimulator.ActiveCfg = Ad-Hoc|iPhoneSimulator
		{A48B4343-C2C9-4F3A-A334-A0386926D2BE}.Ad-Hoc|iPhoneSimulator.Build.0 = Ad-Hoc|iPhoneSimulator
		{A48B4343-C2C9-4F3A-A334-A0386926D2BE}.Ad-Hoc|x64.ActiveCfg = Ad-Hoc|iPhone
		{A48B4343-C2C9-4F3A-A334-A0386926D2BE}.Ad-Hoc|x86.ActiveCfg = Ad-Hoc|iPhone
		{A48B4343-C2C9-4F3A-A334-A0386926D2BE}.AppStore|Any CPU.ActiveCfg = AppStore|iPhone
		{A48B4343-C2C9-4F3A-A334-A0386926D2BE}.AppStore|ARM.ActiveCfg = AppStore|iPhone
		{A48B4343-C2C9-4F3A-A334-A0386926D2BE}.AppStore|iPhone.ActiveCfg = AppStore|iPhone
		{A48B4343-C2C9-4F3A-A334-A0386926D2BE}.AppStore|iPhone.Build.0 = AppStore|iPhone
		{A48B4343-C2C9-4F3A-A334-A0386926D2BE}.AppStore|iPhoneSimulator.ActiveCfg = AppStore|iPhoneSimulator
		{A48B4343-C2C9-4F3A-A334-A0386926D2BE}.AppStore|iPhoneSimulator.Build.0 = AppStore|iPhoneSimulator
		{A48B4343-C2C9-4F3A-A334-A0386926D2BE}.AppStore|x64.ActiveCfg = AppStore|iPhone
		{A48B4343-C2C9-4F3A-A334-A0386926D2BE}.AppStore|x86.ActiveCfg = AppStore|iPhone
		{A48B4343-C2C9-4F3A-A334-A0386926D2BE}.Debug|Any CPU.ActiveCfg = Debug|iPhone
		{A48B4343-C2C9-4F3A-A334-A0386926D2BE}.Debug|ARM.ActiveCfg = Debug|iPhone
		{A48B4343-C2C9-4F3A-A334-A0386926D2BE}.Debug|iPhone.ActiveCfg = Debug|iPhone
		{A48B4343-C2C9-4F3A-A334-A0386926D2BE}.Debug|iPhone.Build.0 = Debug|iPhone
		{A48B4343-C2C9-4F3A-A334-A0386926D2BE}.Debug|iPhoneSimulator.ActiveCfg = Debug|iPhoneSimulator
		{A48B4343-C2C9-4F3A-A334-A0386926D2BE}.Debug|iPhoneSimulator.Build.0 = Debug|iPhoneSimulator
		{A48B4343-C2C9-4F3A-A334-A0386926D2BE}.Debug|x64.ActiveCfg = Debug|iPhone
		{A48B4343-C2C9-4F3A-A334-A0386926D2BE}.Debug|x86.ActiveCfg = Debug|iPhone
		{A48B4343-C2C9-4F3A-A334-A0386926D2BE}.Release|Any CPU.ActiveCfg = Release|iPhone
		{A48B4343-C2C9-4F3A-A334-A0386926D2BE}.Release|ARM.ActiveCfg = Release|iPhone
		{A48B4343-C2C9-4F3A-A334-A0386926D2BE}.Release|iPhone.ActiveCfg = Release|iPhone
		{A48B4343-C2C9-4F3A-A334-A0386926D2BE}.Release|iPhone.Build.0 = Release|iPhone
		{A48B4343-C2C9-4F3A-A334-A0386926D2BE}.Release|iPhoneSimulator.ActiveCfg = Release|iPhoneSimulator
		{A48B4343-C2C9-4F3A-A334-A0386926D2BE}.Release|iPhoneSimulator.Build.0 = Release|iPhoneSimulator
		{A48B4343-C2C9-4F3A-A334-A0386926D2BE}.Release|x64.ActiveCfg = Release|iPhone
		{A48B4343-C2C9-4F3A-A334-A0386926D2BE}.Release|x86.ActiveCfg = Release|iPhone
	EndGlobalSection
	GlobalSection(SolutionProperties) = preSolution
		HideSolutionNode = FALSE
	EndGlobalSection
EndGlobal
